
Microsoft Visual Studio Solution File, Format Version 10.00
# Visual Studio 2008
Project("{8BC9CEB8-8B4A-11D0-8D11-00A0C91BC942}") = "sdna_vs2008", "sdna_vs2008.vcproj", "{E9ECF51A-5C6C-490A-8963-112A59EE66F7}"
EndProject
Global
	GlobalSection(SolutionConfigurationPlatforms) = preSolution
		benchmark_probroutes|Any CPU = benchmark_probroutes|Any CPU
		benchmark_probroutes|Mixed Platforms = benchmark_probroutes|Mixed Platforms
		benchmark_probroutes|Win32 = benchmark_probroutes|Win32
		benchmark_probroutes|x64 = benchmark_probroutes|x64
		Debug_speedup|Any CPU = Debug_speedup|Any CPU
		Debug_speedup|Mixed Platforms = Debug_speedup|Mixed Platforms
		Debug_speedup|Win32 = Debug_speedup|Win32
		Debug_speedup|x64 = Debug_speedup|x64
		Debug|Any CPU = Debug|Any CPU
		Debug|Mixed Platforms = Debug|Mixed Platforms
		Debug|Win32 = Debug|Win32
		Debug|x64 = Debug|x64
		fast_debug|Any CPU = fast_debug|Any CPU
		fast_debug|Mixed Platforms = fast_debug|Mixed Platforms
		fast_debug|Win32 = fast_debug|Win32
		fast_debug|x64 = fast_debug|x64
		parallel_debug|Any CPU = parallel_debug|Any CPU
		parallel_debug|Mixed Platforms = parallel_debug|Mixed Platforms
		parallel_debug|Win32 = parallel_debug|Win32
		parallel_debug|x64 = parallel_debug|x64
		Release|Any CPU = Release|Any CPU
		Release|Mixed Platforms = Release|Mixed Platforms
		Release|Win32 = Release|Win32
		Release|x64 = Release|x64
		vtune|Any CPU = vtune|Any CPU
		vtune|Mixed Platforms = vtune|Mixed Platforms
		vtune|Win32 = vtune|Win32
		vtune|x64 = vtune|x64
	EndGlobalSection
	GlobalSection(ProjectConfigurationPlatforms) = postSolution
		{E9ECF51A-5C6C-490A-8963-112A59EE66F7}.benchmark_probroutes|Any CPU.ActiveCfg = benchmark_probroutes|Win32
		{E9ECF51A-5C6C-490A-8963-112A59EE66F7}.benchmark_probroutes|Mixed Platforms.ActiveCfg = benchmark_probroutes|Win32
		{E9ECF51A-5C6C-490A-8963-112A59EE66F7}.benchmark_probroutes|Win32.ActiveCfg = benchmark_probroutes|Win32
		{E9ECF51A-5C6C-490A-8963-112A59EE66F7}.benchmark_probroutes|x64.ActiveCfg = benchmark_probroutes|x64
		{E9ECF51A-5C6C-490A-8963-112A59EE66F7}.Debug_speedup|Any CPU.ActiveCfg = Debug_speedup|Win32
		{E9ECF51A-5C6C-490A-8963-112A59EE66F7}.Debug_speedup|Mixed Platforms.ActiveCfg = Debug_speedup|Win32
		{E9ECF51A-5C6C-490A-8963-112A59EE66F7}.Debug_speedup|Win32.ActiveCfg = Debug_speedup|Win32
		{E9ECF51A-5C6C-490A-8963-112A59EE66F7}.Debug_speedup|x64.ActiveCfg = Debug_speedup|x64
		{E9ECF51A-5C6C-490A-8963-112A59EE66F7}.Debug|Any CPU.ActiveCfg = Debug|Win32
		{E9ECF51A-5C6C-490A-8963-112A59EE66F7}.Debug|Mixed Platforms.ActiveCfg = Debug|Win32
		{E9ECF51A-5C6C-490A-8963-112A59EE66F7}.Debug|Win32.ActiveCfg = Debug|Win32
		{E9ECF51A-5C6C-490A-8963-112A59EE66F7}.Debug|x64.ActiveCfg = Debug|x64
		{E9ECF51A-5C6C-490A-8963-112A59EE66F7}.fast_debug|Any CPU.ActiveCfg = fast_debug|Win32
		{E9ECF51A-5C6C-490A-8963-112A59EE66F7}.fast_debug|Mixed Platforms.ActiveCfg = fast_debug|Win32
		{E9ECF51A-5C6C-490A-8963-112A59EE66F7}.fast_debug|Win32.ActiveCfg = fast_debug|Win32
		{E9ECF51A-5C6C-490A-8963-112A59EE66F7}.fast_debug|x64.ActiveCfg = fast_debug|x64
		{E9ECF51A-5C6C-490A-8963-112A59EE66F7}.parallel_debug|Any CPU.ActiveCfg = parallel_debug|x64
		{E9ECF51A-5C6C-490A-8963-112A59EE66F7}.parallel_debug|Mixed Platforms.ActiveCfg = parallel_debug|x64
		{E9ECF51A-5C6C-490A-8963-112A59EE66F7}.parallel_debug|Win32.ActiveCfg = parallel_debug|Win32
		{E9ECF51A-5C6C-490A-8963-112A59EE66F7}.parallel_debug|x64.ActiveCfg = parallel_debug|x64
		{E9ECF51A-5C6C-490A-8963-112A59EE66F7}.Release|Any CPU.ActiveCfg = Release|Win32
		{E9ECF51A-5C6C-490A-8963-112A59EE66F7}.Release|Mixed Platforms.ActiveCfg = Release|Win32
		{E9ECF51A-5C6C-490A-8963-112A59EE66F7}.Release|Mixed Platforms.Build.0 = Release|Win32
		{E9ECF51A-5C6C-490A-8963-112A59EE66F7}.Release|Win32.ActiveCfg = Release|Win32
		{E9ECF51A-5C6C-490A-8963-112A59EE66F7}.Release|x64.ActiveCfg = Release|x64
		{E9ECF51A-5C6C-490A-8963-112A59EE66F7}.Release|x64.Build.0 = Release|x64
		{E9ECF51A-5C6C-490A-8963-112A59EE66F7}.vtune|Any CPU.ActiveCfg = vtune|Win32
		{E9ECF51A-5C6C-490A-8963-112A59EE66F7}.vtune|Mixed Platforms.ActiveCfg = vtune|Win32
		{E9ECF51A-5C6C-490A-8963-112A59EE66F7}.vtune|Win32.ActiveCfg = vtune|Win32
		{E9ECF51A-5C6C-490A-8963-112A59EE66F7}.vtune|x64.ActiveCfg = vtune|x64
	EndGlobalSection
	GlobalSection(SolutionProperties) = preSolution
		HideSolutionNode = FALSE
	EndGlobalSection
EndGlobal
