<?xml version="1.0" encoding="utf-8"?>
<Project ToolsVersion="4.0" xmlns="http://schemas.microsoft.com/developer/msbuild/2003">
  <ItemGroup>
    <Filter Include="Source Files">
      <UniqueIdentifier>{4FC737F1-C7A5-4376-A066-2A32D752A2FF}</UniqueIdentifier>
      <Extensions>cpp;c;cc;cxx;def;odl;idl;hpj;bat;asm;asmx</Extensions>
    </Filter>
    <Filter Include="Header Files">
      <UniqueIdentifier>{93995380-89BD-4b04-88EB-625FBE52EBFB}</UniqueIdentifier>
      <Extensions>h;hpp;hxx;hm;inl;inc;xsd</Extensions>
    </Filter>
    <Filter Include="Resource Files">
      <UniqueIdentifier>{67DA6AB6-F800-4c08-8B7A-83BB121AAD01}</UniqueIdentifier>
      <Extensions>rc;ico;cur;bmp;dlg;rc2;rct;bin;rgs;gif;jpg;jpeg;jpe;resx;tiff;tif;png;wav</Extensions>
    </Filter>
  </ItemGroup>
  <ItemGroup>
    <ClCompile Include="calc_output_code.cpp">
      <Filter>Source Files</Filter>
    </ClCompile>
    <ClCompile Include="calculation.cpp">
      <Filter>Source Files</Filter>
    </ClCompile>
    <ClCompile Include="dijkstra.cpp">
      <Filter>Source Files</Filter>
    </ClCompile>
    <ClCompile Include="dllmain.cpp">
      <Filter>Source Files</Filter>
    </ClCompile>
    <ClCompile Include="edge.cpp">
      <Filter>Source Files</Filter>
    </ClCompile>
    <ClCompile Include="geos_sdna_wrapper.cpp">
      <Filter>Source Files</Filter>
    </ClCompile>
    <ClCompile Include="interface_funcs.cpp">
      <Filter>Source Files</Filter>
    </ClCompile>
    <ClCompile Include="metricevaluator.cpp">
      <Filter>Source Files</Filter>
    </ClCompile>
    <ClCompile Include="..\muparser\drop\src\muParser.cpp">
      <Filter>Source Files</Filter>
    </ClCompile>
    <ClCompile Include="..\muparser\drop\src\muParserBase.cpp">
      <Filter>Source Files</Filter>
    </ClCompile>
    <ClCompile Include="..\muparser\drop\src\muParserBytecode.cpp">
      <Filter>Source Files</Filter>
    </ClCompile>
    <ClCompile Include="..\muparser\drop\src\muParserCallback.cpp">
      <Filter>Source Files</Filter>
    </ClCompile>
    <ClCompile Include="..\muparser\drop\src\muParserError.cpp">
      <Filter>Source Files</Filter>
    </ClCompile>
    <ClCompile Include="..\muparser\drop\src\muParserTokenReader.cpp">
      <Filter>Source Files</Filter>
    </ClCompile>
    <ClCompile Include="net.cpp">
      <Filter>Source Files</Filter>
    </ClCompile>
    <ClCompile Include="prepareoperations.cpp">
      <Filter>Source Files</Filter>
    </ClCompile>
    <ClCompile Include="random.cpp">
      <Filter>Source Files</Filter>
    </ClCompile>
    <ClCompile Include="sdna_geometry_collections.cpp">
      <Filter>Source Files</Filter>
    </ClCompile>
    <ClCompile Include="sDNACalculationFactory.cpp">
      <Filter>Source Files</Filter>
    </ClCompile>
    <ClCompile Include="stdafx.cpp">
      <Filter>Source Files</Filter>
    </ClCompile>
    <ClCompile Include="unit_tests.cpp">
      <Filter>Source Files</Filter>
    </ClCompile>
  </ItemGroup>
  <ItemGroup>
    <ClInclude Include="calculation.h">
      <Filter>Header Files</Filter>
    </ClInclude>
    <ClInclude Include="calculationbase.h">
      <Filter>Header Files</Filter>
    </ClInclude>
    <ClInclude Include="config_string_parser.h">
      <Filter>Header Files</Filter>
    </ClInclude>
    <ClInclude Include="dataacquisitionstrategy.h">
      <Filter>Header Files</Filter>
    </ClInclude>
    <ClInclude Include="edge.h">
      <Filter>Header Files</Filter>
    </ClInclude>
    <ClInclude Include="geos_sdna_wrapper.h">
      <Filter>Header Files</Filter>
    </ClInclude>
    <ClInclude Include="linkdatasource.h">
      <Filter>Header Files</Filter>
    </ClInclude>
    <ClInclude Include="metricevaluator.h">
      <Filter>Header Files</Filter>
    </ClInclude>
    <ClInclude Include="net.h">
      <Filter>Header Files</Filter>
    </ClInclude>
    <ClInclude Include="point.h">
      <Filter>Header Files</Filter>
    </ClInclude>
    <ClInclude Include="prepareoperations.h">
      <Filter>Header Files</Filter>
    </ClInclude>
    <ClInclude Include="random.h">
      <Filter>Header Files</Filter>
    </ClInclude>
    <ClInclude Include="sdna.h">
      <Filter>Header Files</Filter>
    </ClInclude>
    <ClInclude Include="sdna_arrays.h">
      <Filter>Header Files</Filter>
    </ClInclude>
    <ClInclude Include="sdna_geometry_collections.h">
      <Filter>Header Files</Filter>
    </ClInclude>
    <ClInclude Include="sdna_output_utils.h">
      <Filter>Header Files</Filter>
    </ClInclude>
    <ClInclude Include="sdna_spatial_accumulators.h">
      <Filter>Header Files</Filter>
    </ClInclude>
    <ClInclude Include="sDNACalculationFactory.h">
      <Filter>Header Files</Filter>
    </ClInclude>
    <ClInclude Include="stdafx.h">
      <Filter>Header Files</Filter>
    </ClInclude>
    <ClInclude Include="tables.h">
      <Filter>Header Files</Filter>
    </ClInclude>
    <ClInclude Include="targetver.h">
      <Filter>Header Files</Filter>
    </ClInclude>
    <ClInclude Include="unique_id.h">
      <Filter>Header Files</Filter>
    </ClInclude>
    <ClInclude Include="version_template.h">
      <Filter>Header Files</Filter>
    </ClInclude>
  </ItemGroup>
</Project>